PATH
  remote: ../..
  specs:
    mpp-rb (0.1.5)
      base64 (~> 0.3)
      keccak (~> 1.3)

GEM
  remote: https://rubygems.org/
  specs:
    base64 (0.3.0)
    dotenv (3.2.0)
    keccak (1.3.3)
    logger (1.7.0)
    mustermann (3.1.1)
    nio4r (2.7.5)
    puma (8.0.2)
      nio4r (~> 2.0)
    rack (3.2.6)
    rack-protection (4.2.1)
      base64 (>= 0.1.0)
      logger (>= 1.6.0)
      rack (>= 3.0.0, < 4)
    rack-session (2.1.2)
      base64 (>= 0.1.0)
      rack (>= 3.0.0)
    rackup (2.3.1)
      rack (>= 3)
    sinatra (4.2.1)
      logger (>= 1.6.0)
      mustermann (~> 3.0)
      rack (>= 3.0.0, < 4)
      rack-protection (= 4.2.1)
      rack-session (>= 2.0.0, < 3)
      tilt (~> 2.0)
    sorbet-runtime (0.6.13149)
    tilt (2.7.0)

PLATFORMS
  arm64-darwin-25
  ruby

DEPENDENCIES
  dotenv
  mpp-rb!
  puma
  rackup
  sinatra
  sorbet-runtime

BUNDLED WITH
   2.5.4
